{
  "name": "portifolio",
  "version": "1.0.0",
  "lockfileVersion": 1,
  "requires": true,
  "dependencies": {
    "petite-vue": {
      "version": "0.4.1",
      "resolved": "https://registry.npmjs.org/petite-vue/-/petite-vue-0.4.1.tgz",
      "integrity": "sha512-/gtYKQe9r1OV4IEwn2RsPXAHgFTe1nVq4QhldAP6/l8DSe9I754K6Oe1+Ff6dbnT5P8X2XP7PTUZkGRz5uFnFQ==",
      "dev": true
    }
  }
}
